
Microsoft Visual Studio Solution File, Format Version 12.00
# Visual Studio Version 17
VisualStudioVersion = 17.5.33424.131
MinimumVisualStudioVersion = 10.0.40219.1
Project("{8BC9CEB8-8B4A-11D0-8D11-00A0C91BC942}") = "ParadigmaOOP_171(1)", "ParadigmaOOP_171(1)\ParadigmaOOP_171(1).vcxproj", "{2722C0EA-159B-4F15-B31F-4EA3412E95C2}"
EndProject
Project("{8BC9CEB8-8B4A-11D0-8D11-00A0C91BC942}") = "mainA", "mainA\mainA.vcxproj", "{CA9947BD-2EC3-41A8-8D09-A75D66C402FE}"
EndProject
Project("{8BC9CEB8-8B4A-11D0-8D11-00A0C91BC942}") = "Asosiasi", "Asosiasi\Asosiasi.vcxproj", "{F6F6A565-1DFA-48E6-A6B2-94D36ED74564}"
EndProject
Project("{8BC9CEB8-8B4A-11D0-8D11-00A0C91BC942}") = "mainJM", "mainJM\mainJM.vcxproj", "{8469C9D4-4B67-4A01-8F2B-4EDFEE8AA652}"
EndProject
Global
	GlobalSection(SolutionConfigurationPlatforms) = preSolution
		Debug|x64 = Debug|x64
		Debug|x86 = Debug|x86
		Release|x64 = Release|x64
		Release|x86 = Release|x86
	EndGlobalSection
	GlobalSection(ProjectConfigurationPlatforms) = postSolution
		{2722C0EA-159B-4F15-B31F-4EA3412E95C2}.Debug|x64.ActiveCfg = Debug|x64
		{2722C0EA-159B-4F15-B31F-4EA3412E95C2}.Debug|x64.Build.0 = Debug|x64
		{2722C0EA-159B-4F15-B31F-4EA3412E95C2}.Debug|x86.ActiveCfg = Debug|Win32
		{2722C0EA-159B-4F15-B31F-4EA3412E95C2}.Debug|x86.Build.0 = Debug|Win32
		{2722C0EA-159B-4F15-B31F-4EA3412E95C2}.Release|x64.ActiveCfg = Release|x64
		{2722C0EA-159B-4F15-B31F-4EA3412E95C2}.Release|x64.Build.0 = Release|x64
		{2722C0EA-159B-4F15-B31F-4EA3412E95C2}.Release|x86.ActiveCfg = Release|Win32
		{2722C0EA-159B-4F15-B31F-4EA3412E95C2}.Release|x86.Build.0 = Release|Win32
		{CA9947BD-2EC3-41A8-8D09-A75D66C402FE}.Debug|x64.ActiveCfg = Debug|x64
		{CA9947BD-2EC3-41A8-8D09-A75D66C402FE}.Debug|x64.Build.0 = Debug|x64
		{CA9947BD-2EC3-41A8-8D09-A75D66C402FE}.Debug|x86.ActiveCfg = Debug|Win32
		{CA9947BD-2EC3-41A8-8D09-A75D66C402FE}.Debug|x86.Build.0 = Debug|Win32
		{CA9947BD-2EC3-41A8-8D09-A75D66C402FE}.Release|x64.ActiveCfg = Release|x64
		{CA9947BD-2EC3-41A8-8D09-A75D66C402FE}.Release|x64.Build.0 = Release|x64
		{CA9947BD-2EC3-41A8-8D09-A75D66C402FE}.Release|x86.ActiveCfg = Release|Win32
		{CA9947BD-2EC3-41A8-8D09-A75D66C402FE}.Release|x86.Build.0 = Release|Win32
		{F6F6A565-1DFA-48E6-A6B2-94D36ED74564}.Debug|x64.ActiveCfg = Debug|x64
		{F6F6A565-1DFA-48E6-A6B2-94D36ED74564}.Debug|x64.Build.0 = Debug|x64
		{F6F6A565-1DFA-48E6-A6B2-94D36ED74564}.Debug|x86.ActiveCfg = Debug|Win32
		{F6F6A565-1DFA-48E6-A6B2-94D36ED74564}.Debug|x86.Build.0 = Debug|Win32
		{F6F6A565-1DFA-48E6-A6B2-94D36ED74564}.Release|x64.ActiveCfg = Release|x64
		{F6F6A565-1DFA-48E6-A6B2-94D36ED74564}.Release|x64.Build.0 = Release|x64
		{F6F6A565-1DFA-48E6-A6B2-94D36ED74564}.Release|x86.ActiveCfg = Release|Win32
		{F6F6A565-1DFA-48E6-A6B2-94D36ED74564}.Release|x86.Build.0 = Release|Win32
		{8469C9D4-4B67-4A01-8F2B-4EDFEE8AA652}.Debug|x64.ActiveCfg = Debug|x64
		{8469C9D4-4B67-4A01-8F2B-4EDFEE8AA652}.Debug|x64.Build.0 = Debug|x64
		{8469C9D4-4B67-4A01-8F2B-4EDFEE8AA652}.Debug|x86.ActiveCfg = Debug|Win32
		{8469C9D4-4B67-4A01-8F2B-4EDFEE8AA652}.Debug|x86.Build.0 = Debug|Win32
		{8469C9D4-4B67-4A01-8F2B-4EDFEE8AA652}.Release|x64.ActiveCfg = Release|x64
		{8469C9D4-4B67-4A01-8F2B-4EDFEE8AA652}.Release|x64.Build.0 = Release|x64
		{8469C9D4-4B67-4A01-8F2B-4EDFEE8AA652}.Release|x86.ActiveCfg = Release|Win32
		{8469C9D4-4B67-4A01-8F2B-4EDFEE8AA652}.Release|x86.Build.0 = Release|Win32
	EndGlobalSection
	GlobalSection(SolutionProperties) = preSolution
		HideSolutionNode = FALSE
	EndGlobalSection
	GlobalSection(ExtensibilityGlobals) = postSolution
		SolutionGuid = {D95EB35A-FF50-48ED-B69B-BC2DC5B0C065}
	EndGlobalSection
EndGlobal
